
Microsoft Visual Studio Solution File, Format Version 12.00
# Visual Studio Version 17
VisualStudioVersion = 17.3.32811.315
MinimumVisualStudioVersion = 10.0.40219.1
Project("{FAE04EC0-301F-11D3-BF4B-00C04F79EFBC}") = "ToDo.DataAccess", "ToDo.DataAccess\ToDo.DataAccess.csproj", "{CB791444-E3CA-4B3B-867D-541B32D3A394}"
EndProject
Project("{FAE04EC0-301F-11D3-BF4B-00C04F79EFBC}") = "ToDo.Business", "ToDo.Business\ToDo.Business.csproj", "{1A3F7817-2124-41E6-B163-CA85F404D9E4}"
EndProject
Project("{FAE04EC0-301F-11D3-BF4B-00C04F79EFBC}") = "ToDo.Model", "ToDo.Model\ToDo.Model.csproj", "{CEDA9327-9CB9-4D7C-919F-201DDB921412}"
EndProject
Project("{FAE04EC0-301F-11D3-BF4B-00C04F79EFBC}") = "Infrastructure", "Infrastructure\Infrastructure.csproj", "{E92EFB79-E514-4131-AD0A-5D221D18C983}"
EndProject
Project("{FAE04EC0-301F-11D3-BF4B-00C04F79EFBC}") = "ToDo.WebAPI", "ToDo.WebAPI\ToDo.WebAPI.csproj", "{C5649E7A-F473-4BBA-9E70-C07D8DD15AA8}"
EndProject
Global
	GlobalSection(SolutionConfigurationPlatforms) = preSolution
		Debug|Any CPU = Debug|Any CPU
		Release|Any CPU = Release|Any CPU
	EndGlobalSection
	GlobalSection(ProjectConfigurationPlatforms) = postSolution
		{CB791444-E3CA-4B3B-867D-541B32D3A394}.Debug|Any CPU.ActiveCfg = Debug|Any CPU
		{CB791444-E3CA-4B3B-867D-541B32D3A394}.Debug|Any CPU.Build.0 = Debug|Any CPU
		{CB791444-E3CA-4B3B-867D-541B32D3A394}.Release|Any CPU.ActiveCfg = Release|Any CPU
		{CB791444-E3CA-4B3B-867D-541B32D3A394}.Release|Any CPU.Build.0 = Release|Any CPU
		{1A3F7817-2124-41E6-B163-CA85F404D9E4}.Debug|Any CPU.ActiveCfg = Debug|Any CPU
		{1A3F7817-2124-41E6-B163-CA85F404D9E4}.Debug|Any CPU.Build.0 = Debug|Any CPU
		{1A3F7817-2124-41E6-B163-CA85F404D9E4}.Release|Any CPU.ActiveCfg = Release|Any CPU
		{1A3F7817-2124-41E6-B163-CA85F404D9E4}.Release|Any CPU.Build.0 = Release|Any CPU
		{CEDA9327-9CB9-4D7C-919F-201DDB921412}.Debug|Any CPU.ActiveCfg = Debug|Any CPU
		{CEDA9327-9CB9-4D7C-919F-201DDB921412}.Debug|Any CPU.Build.0 = Debug|Any CPU
		{CEDA9327-9CB9-4D7C-919F-201DDB921412}.Release|Any CPU.ActiveCfg = Release|Any CPU
		{CEDA9327-9CB9-4D7C-919F-201DDB921412}.Release|Any CPU.Build.0 = Release|Any CPU
		{E92EFB79-E514-4131-AD0A-5D221D18C983}.Debug|Any CPU.ActiveCfg = Debug|Any CPU
		{E92EFB79-E514-4131-AD0A-5D221D18C983}.Debug|Any CPU.Build.0 = Debug|Any CPU
		{E92EFB79-E514-4131-AD0A-5D221D18C983}.Release|Any CPU.ActiveCfg = Release|Any CPU
		{E92EFB79-E514-4131-AD0A-5D221D18C983}.Release|Any CPU.Build.0 = Release|Any CPU
		{C5649E7A-F473-4BBA-9E70-C07D8DD15AA8}.Debug|Any CPU.ActiveCfg = Debug|Any CPU
		{C5649E7A-F473-4BBA-9E70-C07D8DD15AA8}.Debug|Any CPU.Build.0 = Debug|Any CPU
		{C5649E7A-F473-4BBA-9E70-C07D8DD15AA8}.Release|Any CPU.ActiveCfg = Release|Any CPU
		{C5649E7A-F473-4BBA-9E70-C07D8DD15AA8}.Release|Any CPU.Build.0 = Release|Any CPU
	EndGlobalSection
	GlobalSection(SolutionProperties) = preSolution
		HideSolutionNode = FALSE
	EndGlobalSection
	GlobalSection(ExtensibilityGlobals) = postSolution
		SolutionGuid = {7DAD2D15-9520-42DE-B72F-E39C04228A90}
	EndGlobalSection
EndGlobal
